
Microsoft Visual Studio Solution File, Format Version 12.00
# Visual Studio Version 17
VisualStudioVersion = 17.14.36603.0
MinimumVisualStudioVersion = 10.0.40219.1
Project("{FAE04EC0-301F-11D3-BF4B-00C04F79EFBC}") = "Spanzuratoarea_SuhariucIulia", "Spanzuratoarea_SuhariucIulia\Spanzuratoarea_SuhariucIulia.csproj", "{14BCA2F1-2AB7-40FE-B436-3FF17B9D99EA}"
EndProject
Global
	GlobalSection(SolutionConfigurationPlatforms) = preSolution
		Debug|Any CPU = Debug|Any CPU
		Release|Any CPU = Release|Any CPU
	EndGlobalSection
	GlobalSection(ProjectConfigurationPlatforms) = postSolution
		{14BCA2F1-2AB7-40FE-B436-3FF17B9D99EA}.Debug|Any CPU.ActiveCfg = Debug|Any CPU
		{14BCA2F1-2AB7-40FE-B436-3FF17B9D99EA}.Debug|Any CPU.Build.0 = Debug|Any CPU
		{14BCA2F1-2AB7-40FE-B436-3FF17B9D99EA}.Release|Any CPU.ActiveCfg = Release|Any CPU
		{14BCA2F1-2AB7-40FE-B436-3FF17B9D99EA}.Release|Any CPU.Build.0 = Release|Any CPU
	EndGlobalSection
	GlobalSection(SolutionProperties) = preSolution
		HideSolutionNode = FALSE
	EndGlobalSection
	GlobalSection(ExtensibilityGlobals) = postSolution
		SolutionGuid = {DA601F9B-03BA-423C-B51D-66F28D2D1ABE}
	EndGlobalSection
EndGlobal
